// !$*UTF8*$!
{
	archiveVersion = 1;
	classes = {
	};
	objectVersion = 56;
	objects = {

/* Begin PBXBuildFile section */
		A00B32272AFABCD200F4F605 /* ListCountries.swift in Sources */ = {isa = PBXBuildFile; fileRef = A00B32262AFABCD200F4F605 /* ListCountries.swift */; };
		A03922512AE56AF4009B1020 /* Travel_RadarApp.swift in Sources */ = {isa = PBXBuildFile; fileRef = A03922502AE56AF4009B1020 /* Travel_RadarApp.swift */; };
		A03922532AE56AF4009B1020 /* ContentView.swift in Sources */ = {isa = PBXBuildFile; fileRef = A03922522AE56AF4009B1020 /* ContentView.swift */; };
		A03922552AE56AF5009B1020 /* Assets.xcassets in Resources */ = {isa = PBXBuildFile; fileRef = A03922542AE56AF5009B1020 /* Assets.xcassets */; };
		A03922582AE56AF5009B1020 /* Preview Assets.xcassets in Resources */ = {isa = PBXBuildFile; fileRef = A03922572AE56AF5009B1020 /* Preview Assets.xcassets */; };
		A039225F2AE5772D009B1020 /* ButtonEnter.swift in Sources */ = {isa = PBXBuildFile; fileRef = A039225E2AE5772D009B1020 /* ButtonEnter.swift */; };
		A03922632AE577B9009B1020 /* BackgroundMainView.swift in Sources */ = {isa = PBXBuildFile; fileRef = A03922622AE577B9009B1020 /* BackgroundMainView.swift */; };
		A03922652AE5780D009B1020 /* TextMainView.swift in Sources */ = {isa = PBXBuildFile; fileRef = A03922642AE5780D009B1020 /* TextMainView.swift */; };
		A03922672AE5788B009B1020 /* TextFieldMainView.swift in Sources */ = {isa = PBXBuildFile; fileRef = A03922662AE5788B009B1020 /* TextFieldMainView.swift */; };
		A03922692AE57981009B1020 /* RegisterView.swift in Sources */ = {isa = PBXBuildFile; fileRef = A03922682AE57981009B1020 /* RegisterView.swift */; };
		A039226B2AE57E2C009B1020 /* TextRegisterView.swift in Sources */ = {isa = PBXBuildFile; fileRef = A039226A2AE57E2C009B1020 /* TextRegisterView.swift */; };
		A039226D2AE58AFE009B1020 /* ButtonRegisterImageView.swift in Sources */ = {isa = PBXBuildFile; fileRef = A039226C2AE58AFE009B1020 /* ButtonRegisterImageView.swift */; };
		A039226F2AE58D94009B1020 /* ButtonRegisterView.swift in Sources */ = {isa = PBXBuildFile; fileRef = A039226E2AE58D94009B1020 /* ButtonRegisterView.swift */; };
		A03922712AE58E4B009B1020 /* RegisterView2.swift in Sources */ = {isa = PBXBuildFile; fileRef = A03922702AE58E4B009B1020 /* RegisterView2.swift */; };
		A03922732AE58F04009B1020 /* ButtonMini.swift in Sources */ = {isa = PBXBuildFile; fileRef = A03922722AE58F04009B1020 /* ButtonMini.swift */; };
		A051D4832AF65A3D00C46391 /* GoogleSignIn in Frameworks */ = {isa = PBXBuildFile; productRef = A051D4822AF65A3D00C46391 /* GoogleSignIn */; };
		A051D4852AF65A3D00C46391 /* GoogleSignInSwift in Frameworks */ = {isa = PBXBuildFile; productRef = A051D4842AF65A3D00C46391 /* GoogleSignInSwift */; };
		A051D4882AF65E1400C46391 /* GoogleService-Info.plist in Resources */ = {isa = PBXBuildFile; fileRef = A051D4872AF65E1400C46391 /* GoogleService-Info.plist */; };
		A051D48A2AF6775A00C46391 /* AuthGoogleViewModel.swift in Sources */ = {isa = PBXBuildFile; fileRef = A051D4892AF6775A00C46391 /* AuthGoogleViewModel.swift */; };
		A051D48D2AF678E000C46391 /* Utilities.swift in Sources */ = {isa = PBXBuildFile; fileRef = A051D48C2AF678E000C46391 /* Utilities.swift */; };
		A08644C42AEE7E190059A578 /* AuthService.swift in Sources */ = {isa = PBXBuildFile; fileRef = A08644C32AEE7E190059A578 /* AuthService.swift */; };
		A08644C72AEE7F680059A578 /* FirebaseAnalytics in Frameworks */ = {isa = PBXBuildFile; productRef = A08644C62AEE7F680059A578 /* FirebaseAnalytics */; };
		A08644C92AEE7F680059A578 /* FirebaseAnalyticsOnDeviceConversion in Frameworks */ = {isa = PBXBuildFile; productRef = A08644C82AEE7F680059A578 /* FirebaseAnalyticsOnDeviceConversion */; };
		A08644CB2AEE7F680059A578 /* FirebaseAnalyticsSwift in Frameworks */ = {isa = PBXBuildFile; productRef = A08644CA2AEE7F680059A578 /* FirebaseAnalyticsSwift */; };
		A08644CD2AEE7F680059A578 /* FirebaseAnalyticsWithoutAdIdSupport in Frameworks */ = {isa = PBXBuildFile; productRef = A08644CC2AEE7F680059A578 /* FirebaseAnalyticsWithoutAdIdSupport */; };
		A08644CF2AEE7F680059A578 /* FirebaseAppCheck in Frameworks */ = {isa = PBXBuildFile; productRef = A08644CE2AEE7F680059A578 /* FirebaseAppCheck */; };
		A08644D12AEE7F680059A578 /* FirebaseAppDistribution-Beta in Frameworks */ = {isa = PBXBuildFile; productRef = A08644D02AEE7F680059A578 /* FirebaseAppDistribution-Beta */; };
		A08644D32AEE7F680059A578 /* FirebaseAuth in Frameworks */ = {isa = PBXBuildFile; productRef = A08644D22AEE7F680059A578 /* FirebaseAuth */; };
		A08644D52AEE7F680059A578 /* FirebaseAuthCombine-Community in Frameworks */ = {isa = PBXBuildFile; productRef = A08644D42AEE7F680059A578 /* FirebaseAuthCombine-Community */; };
		A08644D72AEE7F680059A578 /* FirebaseCrashlytics in Frameworks */ = {isa = PBXBuildFile; productRef = A08644D62AEE7F680059A578 /* FirebaseCrashlytics */; };
		A08644D92AEE7F680059A578 /* FirebaseDatabase in Frameworks */ = {isa = PBXBuildFile; productRef = A08644D82AEE7F680059A578 /* FirebaseDatabase */; };
		A08644DB2AEE7F680059A578 /* FirebaseDatabaseSwift in Frameworks */ = {isa = PBXBuildFile; productRef = A08644DA2AEE7F680059A578 /* FirebaseDatabaseSwift */; };
		A08644DD2AEE7F680059A578 /* FirebaseDynamicLinks in Frameworks */ = {isa = PBXBuildFile; productRef = A08644DC2AEE7F680059A578 /* FirebaseDynamicLinks */; };
		A08644DF2AEE7F680059A578 /* FirebaseFirestore in Frameworks */ = {isa = PBXBuildFile; productRef = A08644DE2AEE7F680059A578 /* FirebaseFirestore */; };
		A08644E12AEE7F680059A578 /* FirebaseFirestoreCombine-Community in Frameworks */ = {isa = PBXBuildFile; productRef = A08644E02AEE7F680059A578 /* FirebaseFirestoreCombine-Community */; };
		A08644E32AEE7F680059A578 /* FirebaseFirestoreSwift in Frameworks */ = {isa = PBXBuildFile; productRef = A08644E22AEE7F680059A578 /* FirebaseFirestoreSwift */; };
		A08644E52AEE7F680059A578 /* FirebaseFunctions in Frameworks */ = {isa = PBXBuildFile; productRef = A08644E42AEE7F680059A578 /* FirebaseFunctions */; };
		A08644E72AEE7F680059A578 /* FirebaseFunctionsCombine-Community in Frameworks */ = {isa = PBXBuildFile; productRef = A08644E62AEE7F680059A578 /* FirebaseFunctionsCombine-Community */; };
		A08644E92AEE7F680059A578 /* FirebaseInAppMessaging-Beta in Frameworks */ = {isa = PBXBuildFile; productRef = A08644E82AEE7F680059A578 /* FirebaseInAppMessaging-Beta */; };
		A08644EB2AEE7F680059A578 /* FirebaseInAppMessagingSwift-Beta in Frameworks */ = {isa = PBXBuildFile; productRef = A08644EA2AEE7F680059A578 /* FirebaseInAppMessagingSwift-Beta */; };
		A08644ED2AEE7F680059A578 /* FirebaseInstallations in Frameworks */ = {isa = PBXBuildFile; productRef = A08644EC2AEE7F680059A578 /* FirebaseInstallations */; };
		A08644EF2AEE7F680059A578 /* FirebaseMLModelDownloader in Frameworks */ = {isa = PBXBuildFile; productRef = A08644EE2AEE7F680059A578 /* FirebaseMLModelDownloader */; };
		A08644F12AEE7F680059A578 /* FirebaseMessaging in Frameworks */ = {isa = PBXBuildFile; productRef = A08644F02AEE7F680059A578 /* FirebaseMessaging */; };
		A08644F32AEE7F680059A578 /* FirebasePerformance in Frameworks */ = {isa = PBXBuildFile; productRef = A08644F22AEE7F680059A578 /* FirebasePerformance */; };
		A08644F52AEE7F680059A578 /* FirebaseRemoteConfig in Frameworks */ = {isa = PBXBuildFile; productRef = A08644F42AEE7F680059A578 /* FirebaseRemoteConfig */; };
		A08644F72AEE7F680059A578 /* FirebaseRemoteConfigSwift in Frameworks */ = {isa = PBXBuildFile; productRef = A08644F62AEE7F680059A578 /* FirebaseRemoteConfigSwift */; };
		A08644F92AEE7F680059A578 /* FirebaseStorage in Frameworks */ = {isa = PBXBuildFile; productRef = A08644F82AEE7F680059A578 /* FirebaseStorage */; };
		A08644FB2AEE7F680059A578 /* FirebaseStorageCombine-Community in Frameworks */ = {isa = PBXBuildFile; productRef = A08644FA2AEE7F680059A578 /* FirebaseStorageCombine-Community */; };
		A08644FD2AEE83390059A578 /* MapView.swift in Sources */ = {isa = PBXBuildFile; fileRef = A08644FC2AEE83390059A578 /* MapView.swift */; };
		A08644FF2AEE874A0059A578 /* SecureFieldMainView.swift in Sources */ = {isa = PBXBuildFile; fileRef = A08644FE2AEE874A0059A578 /* SecureFieldMainView.swift */; };
		A08645152AEEA36A0059A578 /* CountryTextButton.swift in Sources */ = {isa = PBXBuildFile; fileRef = A08645142AEEA36A0059A578 /* CountryTextButton.swift */; };
		A08645172AEEA38F0059A578 /* SettingsButtonText.swift in Sources */ = {isa = PBXBuildFile; fileRef = A08645162AEEA38F0059A578 /* SettingsButtonText.swift */; };
		A08645192AEEA3A60059A578 /* SettingsView.swift in Sources */ = {isa = PBXBuildFile; fileRef = A08645182AEEA3A60059A578 /* SettingsView.swift */; };
		A086451B2AEEA4150059A578 /* SettingsText.swift in Sources */ = {isa = PBXBuildFile; fileRef = A086451A2AEEA4150059A578 /* SettingsText.swift */; };
		A08645212AEFFD160059A578 /* User.swift in Sources */ = {isa = PBXBuildFile; fileRef = A08645202AEFFD160059A578 /* User.swift */; };
		A08645242AEFFFD30059A578 /* AuthManager.swift in Sources */ = {isa = PBXBuildFile; fileRef = A08645232AEFFFD30059A578 /* AuthManager.swift */; };
		D14489802B08A71000D94E68 /* SpainMainView.swift in Sources */ = {isa = PBXBuildFile; fileRef = D144897F2B08A71000D94E68 /* SpainMainView.swift */; };
		D18EF6222B04CA0800E6C4AF /* CountriesListViewModel.swift in Sources */ = {isa = PBXBuildFile; fileRef = D18EF6212B04CA0800E6C4AF /* CountriesListViewModel.swift */; };
		D18EF6242B04FA0300E6C4AF /* Alert.swift in Sources */ = {isa = PBXBuildFile; fileRef = D18EF6232B04FA0300E6C4AF /* Alert.swift */; };
		D1DE48C42B04126700F5C50F /* ListViewHStack.swift in Sources */ = {isa = PBXBuildFile; fileRef = D1DE48C32B04126700F5C50F /* ListViewHStack.swift */; };
		D1DE48C62B04129500F5C50F /* UKMainView.swift in Sources */ = {isa = PBXBuildFile; fileRef = D1DE48C52B04129500F5C50F /* UKMainView.swift */; };
		D1DE48C82B0412AD00F5C50F /* UsaMainView.swift in Sources */ = {isa = PBXBuildFile; fileRef = D1DE48C72B0412AD00F5C50F /* UsaMainView.swift */; };
		D1DE48CA2B0412C500F5C50F /* GermanyMainView.swift in Sources */ = {isa = PBXBuildFile; fileRef = D1DE48C92B0412C500F5C50F /* GermanyMainView.swift */; };
		D1DE48CC2B0412E700F5C50F /* NetworkManager.swift in Sources */ = {isa = PBXBuildFile; fileRef = D1DE48CB2B0412E700F5C50F /* NetworkManager.swift */; };
		D1DE48CE2B0412FA00F5C50F /* CoError.swift in Sources */ = {isa = PBXBuildFile; fileRef = D1DE48CD2B0412FA00F5C50F /* CoError.swift */; };
		D1DE48D02B04131100F5C50F /* CountryModel.swift in Sources */ = {isa = PBXBuildFile; fileRef = D1DE48CF2B04131100F5C50F /* CountryModel.swift */; };
		D1DE48D22B04133700F5C50F /* MenuView.swift in Sources */ = {isa = PBXBuildFile; fileRef = D1DE48D12B04133700F5C50F /* MenuView.swift */; };
/* End PBXBuildFile section */

/* Begin PBXFileReference section */
		A00B32262AFABCD200F4F605 /* ListCountries.swift */ = {isa = PBXFileReference; lastKnownFileType = sourcecode.swift; path = ListCountries.swift; sourceTree = "<group>"; };
		A039224D2AE56AF4009B1020 /* Travel Radar.app */ = {isa = PBXFileReference; explicitFileType = wrapper.application; includeInIndex = 0; path = "Travel Radar.app"; sourceTree = BUILT_PRODUCTS_DIR; };
		A03922502AE56AF4009B1020 /* Travel_RadarApp.swift */ = {isa = PBXFileReference; lastKnownFileType = sourcecode.swift; path = Travel_RadarApp.swift; sourceTree = "<group>"; };
		A03922522AE56AF4009B1020 /* ContentView.swift */ = {isa = PBXFileReference; lastKnownFileType = sourcecode.swift; path = ContentView.swift; sourceTree = "<group>"; };
		A03922542AE56AF5009B1020 /* Assets.xcassets */ = {isa = PBXFileReference; lastKnownFileType = folder.assetcatalog; path = Assets.xcassets; sourceTree = "<group>"; };
		A03922572AE56AF5009B1020 /* Preview Assets.xcassets */ = {isa = PBXFileReference; lastKnownFileType = folder.assetcatalog; path = "Preview Assets.xcassets"; sourceTree = "<group>"; };
		A039225E2AE5772D009B1020 /* ButtonEnter.swift */ = {isa = PBXFileReference; lastKnownFileType = sourcecode.swift; path = ButtonEnter.swift; sourceTree = "<group>"; };
		A03922622AE577B9009B1020 /* BackgroundMainView.swift */ = {isa = PBXFileReference; lastKnownFileType = sourcecode.swift; path = BackgroundMainView.swift; sourceTree = "<group>"; };
		A03922642AE5780D009B1020 /* TextMainView.swift */ = {isa = PBXFileReference; lastKnownFileType = sourcecode.swift; path = TextMainView.swift; sourceTree = "<group>"; };
		A03922662AE5788B009B1020 /* TextFieldMainView.swift */ = {isa = PBXFileReference; lastKnownFileType = sourcecode.swift; path = TextFieldMainView.swift; sourceTree = "<group>"; };
		A03922682AE57981009B1020 /* RegisterView.swift */ = {isa = PBXFileReference; lastKnownFileType = sourcecode.swift; path = RegisterView.swift; sourceTree = "<group>"; };
		A039226A2AE57E2C009B1020 /* TextRegisterView.swift */ = {isa = PBXFileReference; lastKnownFileType = sourcecode.swift; path = TextRegisterView.swift; sourceTree = "<group>"; };
		A039226C2AE58AFE009B1020 /* ButtonRegisterImageView.swift */ = {isa = PBXFileReference; lastKnownFileType = sourcecode.swift; path = ButtonRegisterImageView.swift; sourceTree = "<group>"; };
		A039226E2AE58D94009B1020 /* ButtonRegisterView.swift */ = {isa = PBXFileReference; lastKnownFileType = sourcecode.swift; path = ButtonRegisterView.swift; sourceTree = "<group>"; };
		A03922702AE58E4B009B1020 /* RegisterView2.swift */ = {isa = PBXFileReference; lastKnownFileType = sourcecode.swift; path = RegisterView2.swift; sourceTree = "<group>"; };
		A03922722AE58F04009B1020 /* ButtonMini.swift */ = {isa = PBXFileReference; lastKnownFileType = sourcecode.swift; path = ButtonMini.swift; sourceTree = "<group>"; };
		A051D4862AF65A9B00C46391 /* Travel-Radar-Info.plist */ = {isa = PBXFileReference; lastKnownFileType = text.plist; path = "Travel-Radar-Info.plist"; sourceTree = SOURCE_ROOT; };
		A051D4872AF65E1400C46391 /* GoogleService-Info.plist */ = {isa = PBXFileReference; fileEncoding = 4; lastKnownFileType = text.plist.xml; path = "GoogleService-Info.plist"; sourceTree = "<group>"; };
		A051D4892AF6775A00C46391 /* AuthGoogleViewModel.swift */ = {isa = PBXFileReference; lastKnownFileType = sourcecode.swift; path = AuthGoogleViewModel.swift; sourceTree = "<group>"; };
		A051D48C2AF678E000C46391 /* Utilities.swift */ = {isa = PBXFileReference; lastKnownFileType = sourcecode.swift; path = Utilities.swift; sourceTree = "<group>"; };
		A08644C32AEE7E190059A578 /* AuthService.swift */ = {isa = PBXFileReference; lastKnownFileType = sourcecode.swift; path = AuthService.swift; sourceTree = "<group>"; };
		A08644FC2AEE83390059A578 /* MapView.swift */ = {isa = PBXFileReference; lastKnownFileType = sourcecode.swift; path = MapView.swift; sourceTree = "<group>"; };
		A08644FE2AEE874A0059A578 /* SecureFieldMainView.swift */ = {isa = PBXFileReference; lastKnownFileType = sourcecode.swift; path = SecureFieldMainView.swift; sourceTree = "<group>"; };
		A08645142AEEA36A0059A578 /* CountryTextButton.swift */ = {isa = PBXFileReference; fileEncoding = 4; lastKnownFileType = sourcecode.swift; path = CountryTextButton.swift; sourceTree = "<group>"; };
		A08645162AEEA38F0059A578 /* SettingsButtonText.swift */ = {isa = PBXFileReference; fileEncoding = 4; lastKnownFileType = sourcecode.swift; path = SettingsButtonText.swift; sourceTree = "<group>"; };
		A08645182AEEA3A60059A578 /* SettingsView.swift */ = {isa = PBXFileReference; fileEncoding = 4; lastKnownFileType = sourcecode.swift; path = SettingsView.swift; sourceTree = "<group>"; };
		A086451A2AEEA4150059A578 /* SettingsText.swift */ = {isa = PBXFileReference; fileEncoding = 4; lastKnownFileType = sourcecode.swift; path = SettingsText.swift; sourceTree = "<group>"; };
		A08645202AEFFD160059A578 /* User.swift */ = {isa = PBXFileReference; lastKnownFileType = sourcecode.swift; path = User.swift; sourceTree = "<group>"; };
		A08645232AEFFFD30059A578 /* AuthManager.swift */ = {isa = PBXFileReference; lastKnownFileType = sourcecode.swift; path = AuthManager.swift; sourceTree = "<group>"; };
		D144897F2B08A71000D94E68 /* SpainMainView.swift */ = {isa = PBXFileReference; lastKnownFileType = sourcecode.swift; path = SpainMainView.swift; sourceTree = "<group>"; };
		D18EF6212B04CA0800E6C4AF /* CountriesListViewModel.swift */ = {isa = PBXFileReference; lastKnownFileType = sourcecode.swift; path = CountriesListViewModel.swift; sourceTree = "<group>"; };
		D18EF6232B04FA0300E6C4AF /* Alert.swift */ = {isa = PBXFileReference; lastKnownFileType = sourcecode.swift; path = Alert.swift; sourceTree = "<group>"; };
		D1DE48C32B04126700F5C50F /* ListViewHStack.swift */ = {isa = PBXFileReference; lastKnownFileType = sourcecode.swift; path = ListViewHStack.swift; sourceTree = "<group>"; };
		D1DE48C52B04129500F5C50F /* UKMainView.swift */ = {isa = PBXFileReference; lastKnownFileType = sourcecode.swift; path = UKMainView.swift; sourceTree = "<group>"; };
		D1DE48C72B0412AD00F5C50F /* UsaMainView.swift */ = {isa = PBXFileReference; lastKnownFileType = sourcecode.swift; path = UsaMainView.swift; sourceTree = "<group>"; };
		D1DE48C92B0412C500F5C50F /* GermanyMainView.swift */ = {isa = PBXFileReference; lastKnownFileType = sourcecode.swift; path = GermanyMainView.swift; sourceTree = "<group>"; };
		D1DE48CB2B0412E700F5C50F /* NetworkManager.swift */ = {isa = PBXFileReference; lastKnownFileType = sourcecode.swift; path = NetworkManager.swift; sourceTree = "<group>"; };
		D1DE48CD2B0412FA00F5C50F /* CoError.swift */ = {isa = PBXFileReference; lastKnownFileType = sourcecode.swift; path = CoError.swift; sourceTree = "<group>"; };
		D1DE48CF2B04131100F5C50F /* CountryModel.swift */ = {isa = PBXFileReference; lastKnownFileType = sourcecode.swift; path = CountryModel.swift; sourceTree = "<group>"; };
		D1DE48D12B04133700F5C50F /* MenuView.swift */ = {isa = PBXFileReference; lastKnownFileType = sourcecode.swift; path = MenuView.swift; sourceTree = "<group>"; };
/* End PBXFileReference section */

/* Begin PBXFrameworksBuildPhase section */
		A039224A2AE56AF4009B1020 /* Frameworks */ = {
			isa = PBXFrameworksBuildPhase;
			buildActionMask = 2147483647;
			files = (
				A08644D92AEE7F680059A578 /* FirebaseDatabase in Frameworks */,
				A08644E72AEE7F680059A578 /* FirebaseFunctionsCombine-Community in Frameworks */,
				A08644DF2AEE7F680059A578 /* FirebaseFirestore in Frameworks */,
				A08644CB2AEE7F680059A578 /* FirebaseAnalyticsSwift in Frameworks */,
				A08644C72AEE7F680059A578 /* FirebaseAnalytics in Frameworks */,
				A08644C92AEE7F680059A578 /* FirebaseAnalyticsOnDeviceConversion in Frameworks */,
				A08644EF2AEE7F680059A578 /* FirebaseMLModelDownloader in Frameworks */,
				A051D4852AF65A3D00C46391 /* GoogleSignInSwift in Frameworks */,
				A08644E32AEE7F680059A578 /* FirebaseFirestoreSwift in Frameworks */,
				A08644CF2AEE7F680059A578 /* FirebaseAppCheck in Frameworks */,
				A08644CD2AEE7F680059A578 /* FirebaseAnalyticsWithoutAdIdSupport in Frameworks */,
				A08644D32AEE7F680059A578 /* FirebaseAuth in Frameworks */,
				A08644D72AEE7F680059A578 /* FirebaseCrashlytics in Frameworks */,
				A08644F72AEE7F680059A578 /* FirebaseRemoteConfigSwift in Frameworks */,
				A051D4832AF65A3D00C46391 /* GoogleSignIn in Frameworks */,
				A08644E92AEE7F680059A578 /* FirebaseInAppMessaging-Beta in Frameworks */,
				A08644DB2AEE7F680059A578 /* FirebaseDatabaseSwift in Frameworks */,
				A08644E52AEE7F680059A578 /* FirebaseFunctions in Frameworks */,
				A08644FB2AEE7F680059A578 /* FirebaseStorageCombine-Community in Frameworks */,
				A08644F52AEE7F680059A578 /* FirebaseRemoteConfig in Frameworks */,
				A08644D12AEE7F680059A578 /* FirebaseAppDistribution-Beta in Frameworks */,
				A08644D52AEE7F680059A578 /* FirebaseAuthCombine-Community in Frameworks */,
				A08644F32AEE7F680059A578 /* FirebasePerformance in Frameworks */,
				A08644EB2AEE7F680059A578 /* FirebaseInAppMessagingSwift-Beta in Frameworks */,
				A08644F92AEE7F680059A578 /* FirebaseStorage in Frameworks */,
				A08644DD2AEE7F680059A578 /* FirebaseDynamicLinks in Frameworks */,
				A08644E12AEE7F680059A578 /* FirebaseFirestoreCombine-Community in Frameworks */,
				A08644F12AEE7F680059A578 /* FirebaseMessaging in Frameworks */,
				A08644ED2AEE7F680059A578 /* FirebaseInstallations in Frameworks */,
			);
			runOnlyForDeploymentPostprocessing = 0;
		};
/* End PBXFrameworksBuildPhase section */

/* Begin PBXGroup section */
		A03922442AE56AF4009B1020 = {
			isa = PBXGroup;
			children = (
				A039224F2AE56AF4009B1020 /* Travel Radar */,
				A039224E2AE56AF4009B1020 /* Products */,
			);
			sourceTree = "<group>";
		};
		A039224E2AE56AF4009B1020 /* Products */ = {
			isa = PBXGroup;
			children = (
				A039224D2AE56AF4009B1020 /* Travel Radar.app */,
			);
			name = Products;
			sourceTree = "<group>";
		};
		A039224F2AE56AF4009B1020 /* Travel Radar */ = {
			isa = PBXGroup;
			children = (
				A051D4862AF65A9B00C46391 /* Travel-Radar-Info.plist */,
				A03922502AE56AF4009B1020 /* Travel_RadarApp.swift */,
				A08645222AEFFFB00059A578 /* Service */,
				A086451C2AEEFF960059A578 /* Components */,
				A08645052AEEA2F00059A578 /* Countries */,
				A051D48B2AF678C100C46391 /* Utilities */,
				A03922602AE5777D009B1020 /* Views */,
				A03922542AE56AF5009B1020 /* Assets.xcassets */,
				A08645002AEE993F0059A578 /* ViewModel */,
				A03922562AE56AF5009B1020 /* Preview Content */,
			);
			path = "Travel Radar";
			sourceTree = "<group>";
		};
		A03922562AE56AF5009B1020 /* Preview Content */ = {
			isa = PBXGroup;
			children = (
				A03922572AE56AF5009B1020 /* Preview Assets.xcassets */,
			);
			path = "Preview Content";
			sourceTree = "<group>";
		};
		A03922602AE5777D009B1020 /* Views */ = {
			isa = PBXGroup;
			children = (
				A051D4802AF501B300C46391 /* AdminViews */,
				A08645182AEEA3A60059A578 /* SettingsView.swift */,
				A03922522AE56AF4009B1020 /* ContentView.swift */,
				A08644FC2AEE83390059A578 /* MapView.swift */,
				A00B32262AFABCD200F4F605 /* ListCountries.swift */,
				A03922682AE57981009B1020 /* RegisterView.swift */,
				A03922702AE58E4B009B1020 /* RegisterView2.swift */,
			);
			path = Views;
			sourceTree = "<group>";
		};
		A03922612AE57794009B1020 /* Buttons */ = {
			isa = PBXGroup;
			children = (
				A08645162AEEA38F0059A578 /* SettingsButtonText.swift */,
				A08645142AEEA36A0059A578 /* CountryTextButton.swift */,
				A039225E2AE5772D009B1020 /* ButtonEnter.swift */,
				A039226E2AE58D94009B1020 /* ButtonRegisterView.swift */,
				A03922722AE58F04009B1020 /* ButtonMini.swift */,
				A039226C2AE58AFE009B1020 /* ButtonRegisterImageView.swift */,
			);
			path = Buttons;
			sourceTree = "<group>";
		};
		A051D4802AF501B300C46391 /* AdminViews */ = {
			isa = PBXGroup;
			children = (
			);
			path = AdminViews;
			sourceTree = "<group>";
		};
		A051D48B2AF678C100C46391 /* Utilities */ = {
			isa = PBXGroup;
			children = (
				A051D48C2AF678E000C46391 /* Utilities.swift */,
			);
			path = Utilities;
			sourceTree = "<group>";
		};
		A08644B52AEE586C0059A578 /* Registration */ = {
			isa = PBXGroup;
			children = (
				A08645232AEFFFD30059A578 /* AuthManager.swift */,
				A051D4872AF65E1400C46391 /* GoogleService-Info.plist */,
				A08644C32AEE7E190059A578 /* AuthService.swift */,
			);
			path = Registration;
			sourceTree = "<group>";
		};
		A08645002AEE993F0059A578 /* ViewModel */ = {
			isa = PBXGroup;
			children = (
				D1DE48CB2B0412E700F5C50F /* NetworkManager.swift */,
				D1DE48CD2B0412FA00F5C50F /* CoError.swift */,
				D1DE48CF2B04131100F5C50F /* CountryModel.swift */,
				A051D4892AF6775A00C46391 /* AuthGoogleViewModel.swift */,
				D18EF6212B04CA0800E6C4AF /* CountriesListViewModel.swift */,
				D18EF6232B04FA0300E6C4AF /* Alert.swift */,
			);
			path = ViewModel;
			sourceTree = "<group>";
		};
		A08645052AEEA2F00059A578 /* Countries */ = {
			isa = PBXGroup;
			children = (
				D1DE48C52B04129500F5C50F /* UKMainView.swift */,
				D1DE48C72B0412AD00F5C50F /* UsaMainView.swift */,
				D1DE48C92B0412C500F5C50F /* GermanyMainView.swift */,
				D144897F2B08A71000D94E68 /* SpainMainView.swift */,
			);
			path = Countries;
			sourceTree = "<group>";
		};
		A086451C2AEEFF960059A578 /* Components */ = {
			isa = PBXGroup;
			children = (
				A03922612AE57794009B1020 /* Buttons */,
				A086451F2AEF00590059A578 /* Register */,
				A086451D2AEF00260059A578 /* Settings */,
				A086451E2AEF003A0059A578 /* Main(Content) */,
			);
			path = Components;
			sourceTree = "<group>";
		};
		A086451D2AEF00260059A578 /* Settings */ = {
			isa = PBXGroup;
			children = (
				A086451A2AEEA4150059A578 /* SettingsText.swift */,
			);
			path = Settings;
			sourceTree = "<group>";
		};
		A086451E2AEF003A0059A578 /* Main(Content) */ = {
			isa = PBXGroup;
			children = (
				A08644FE2AEE874A0059A578 /* SecureFieldMainView.swift */,
				A03922642AE5780D009B1020 /* TextMainView.swift */,
				A03922662AE5788B009B1020 /* TextFieldMainView.swift */,
				A03922622AE577B9009B1020 /* BackgroundMainView.swift */,
				D1DE48C32B04126700F5C50F /* ListViewHStack.swift */,
				D1DE48D12B04133700F5C50F /* MenuView.swift */,
			);
			path = "Main(Content)";
			sourceTree = "<group>";
		};
		A086451F2AEF00590059A578 /* Register */ = {
			isa = PBXGroup;
			children = (
				A039226A2AE57E2C009B1020 /* TextRegisterView.swift */,
				A08645202AEFFD160059A578 /* User.swift */,
			);
			path = Register;
			sourceTree = "<group>";
		};
		A08645222AEFFFB00059A578 /* Service */ = {
			isa = PBXGroup;
			children = (
				A08644B52AEE586C0059A578 /* Registration */,
			);
			path = Service;
			sourceTree = "<group>";
		};
/* End PBXGroup section */

/* Begin PBXNativeTarget section */
		A039224C2AE56AF4009B1020 /* Travel Radar */ = {
			isa = PBXNativeTarget;
			buildConfigurationList = A039225B2AE56AF5009B1020 /* Build configuration list for PBXNativeTarget "Travel Radar" */;
			buildPhases = (
				A03922492AE56AF4009B1020 /* Sources */,
				A039224A2AE56AF4009B1020 /* Frameworks */,
				A039224B2AE56AF4009B1020 /* Resources */,
			);
			buildRules = (
			);
			dependencies = (
			);
			name = "Travel Radar";
			packageProductDependencies = (
				A08644C62AEE7F680059A578 /* FirebaseAnalytics */,
				A08644C82AEE7F680059A578 /* FirebaseAnalyticsOnDeviceConversion */,
				A08644CA2AEE7F680059A578 /* FirebaseAnalyticsSwift */,
				A08644CC2AEE7F680059A578 /* FirebaseAnalyticsWithoutAdIdSupport */,
				A08644CE2AEE7F680059A578 /* FirebaseAppCheck */,
				A08644D02AEE7F680059A578 /* FirebaseAppDistribution-Beta */,
				A08644D22AEE7F680059A578 /* FirebaseAuth */,
				A08644D42AEE7F680059A578 /* FirebaseAuthCombine-Community */,
				A08644D62AEE7F680059A578 /* FirebaseCrashlytics */,
				A08644D82AEE7F680059A578 /* FirebaseDatabase */,
				A08644DA2AEE7F680059A578 /* FirebaseDatabaseSwift */,
				A08644DC2AEE7F680059A578 /* FirebaseDynamicLinks */,
				A08644DE2AEE7F680059A578 /* FirebaseFirestore */,
				A08644E02AEE7F680059A578 /* FirebaseFirestoreCombine-Community */,
				A08644E22AEE7F680059A578 /* FirebaseFirestoreSwift */,
				A08644E42AEE7F680059A578 /* FirebaseFunctions */,
				A08644E62AEE7F680059A578 /* FirebaseFunctionsCombine-Community */,
				A08644E82AEE7F680059A578 /* FirebaseInAppMessaging-Beta */,
				A08644EA2AEE7F680059A578 /* FirebaseInAppMessagingSwift-Beta */,
				A08644EC2AEE7F680059A578 /* FirebaseInstallations */,
				A08644EE2AEE7F680059A578 /* FirebaseMLModelDownloader */,
				A08644F02AEE7F680059A578 /* FirebaseMessaging */,
				A08644F22AEE7F680059A578 /* FirebasePerformance */,
				A08644F42AEE7F680059A578 /* FirebaseRemoteConfig */,
				A08644F62AEE7F680059A578 /* FirebaseRemoteConfigSwift */,
				A08644F82AEE7F680059A578 /* FirebaseStorage */,
				A08644FA2AEE7F680059A578 /* FirebaseStorageCombine-Community */,
				A051D4822AF65A3D00C46391 /* GoogleSignIn */,
				A051D4842AF65A3D00C46391 /* GoogleSignInSwift */,
			);
			productName = "Travel Radar";
			productReference = A039224D2AE56AF4009B1020 /* Travel Radar.app */;
			productType = "com.apple.product-type.application";
		};
/* End PBXNativeTarget section */

/* Begin PBXProject section */
		A03922452AE56AF4009B1020 /* Project object */ = {
			isa = PBXProject;
			attributes = {
				BuildIndependentTargetsInParallel = 1;
				LastSwiftUpdateCheck = 1500;
				LastUpgradeCheck = 1500;
				TargetAttributes = {
					A039224C2AE56AF4009B1020 = {
						CreatedOnToolsVersion = 15.0;
					};
				};
			};
			buildConfigurationList = A03922482AE56AF4009B1020 /* Build configuration list for PBXProject "Travel Radar" */;
			compatibilityVersion = "Xcode 14.0";
			developmentRegion = en;
			hasScannedForEncodings = 0;
			knownRegions = (
				en,
				Base,
			);
			mainGroup = A03922442AE56AF4009B1020;
			packageReferences = (
				A08644C52AEE7F680059A578 /* XCRemoteSwiftPackageReference "firebase-ios-sdk" */,
				A051D4812AF65A3D00C46391 /* XCRemoteSwiftPackageReference "GoogleSignIn-iOS" */,
			);
			productRefGroup = A039224E2AE56AF4009B1020 /* Products */;
			projectDirPath = "";
			projectRoot = "";
			targets = (
				A039224C2AE56AF4009B1020 /* Travel Radar */,
			);
		};
/* End PBXProject section */

/* Begin PBXResourcesBuildPhase section */
		A039224B2AE56AF4009B1020 /* Resources */ = {
			isa = PBXResourcesBuildPhase;
			buildActionMask = 2147483647;
			files = (
				A03922582AE56AF5009B1020 /* Preview Assets.xcassets in Resources */,
				A03922552AE56AF5009B1020 /* Assets.xcassets in Resources */,
				A051D4882AF65E1400C46391 /* GoogleService-Info.plist in Resources */,
			);
			runOnlyForDeploymentPostprocessing = 0;
		};
/* End PBXResourcesBuildPhase section */

/* Begin PBXSourcesBuildPhase section */
		A03922492AE56AF4009B1020 /* Sources */ = {
			isa = PBXSourcesBuildPhase;
			buildActionMask = 2147483647;
			files = (
				A08645242AEFFFD30059A578 /* AuthManager.swift in Sources */,
				A08644FD2AEE83390059A578 /* MapView.swift in Sources */,
				A03922732AE58F04009B1020 /* ButtonMini.swift in Sources */,
				A03922632AE577B9009B1020 /* BackgroundMainView.swift in Sources */,
				D1DE48C42B04126700F5C50F /* ListViewHStack.swift in Sources */,
				A051D48D2AF678E000C46391 /* Utilities.swift in Sources */,
				A086451B2AEEA4150059A578 /* SettingsText.swift in Sources */,
				A039226F2AE58D94009B1020 /* ButtonRegisterView.swift in Sources */,
				A03922532AE56AF4009B1020 /* ContentView.swift in Sources */,
				A03922652AE5780D009B1020 /* TextMainView.swift in Sources */,
				D14489802B08A71000D94E68 /* SpainMainView.swift in Sources */,
				A08645172AEEA38F0059A578 /* SettingsButtonText.swift in Sources */,
				A00B32272AFABCD200F4F605 /* ListCountries.swift in Sources */,
				A03922692AE57981009B1020 /* RegisterView.swift in Sources */,
				A08644C42AEE7E190059A578 /* AuthService.swift in Sources */,
				D1DE48CC2B0412E700F5C50F /* NetworkManager.swift in Sources */,
				A03922672AE5788B009B1020 /* TextFieldMainView.swift in Sources */,
				D1DE48CA2B0412C500F5C50F /* GermanyMainView.swift in Sources */,
				A08644FF2AEE874A0059A578 /* SecureFieldMainView.swift in Sources */,
				A08645152AEEA36A0059A578 /* CountryTextButton.swift in Sources */,
				A03922712AE58E4B009B1020 /* RegisterView2.swift in Sources */,
				D18EF6242B04FA0300E6C4AF /* Alert.swift in Sources */,
				A08645212AEFFD160059A578 /* User.swift in Sources */,
				A039225F2AE5772D009B1020 /* ButtonEnter.swift in Sources */,
				A039226B2AE57E2C009B1020 /* TextRegisterView.swift in Sources */,
				A051D48A2AF6775A00C46391 /* AuthGoogleViewModel.swift in Sources */,
				D1DE48C82B0412AD00F5C50F /* UsaMainView.swift in Sources */,
				D1DE48D22B04133700F5C50F /* MenuView.swift in Sources */,
				D1DE48D02B04131100F5C50F /* CountryModel.swift in Sources */,
				A03922512AE56AF4009B1020 /* Travel_RadarApp.swift in Sources */,
				D1DE48CE2B0412FA00F5C50F /* CoError.swift in Sources */,
				D1DE48C62B04129500F5C50F /* UKMainView.swift in Sources */,
				A039226D2AE58AFE009B1020 /* ButtonRegisterImageView.swift in Sources */,
				D18EF6222B04CA0800E6C4AF /* CountriesListViewModel.swift in Sources */,
				A08645192AEEA3A60059A578 /* SettingsView.swift in Sources */,
			);
			runOnlyForDeploymentPostprocessing = 0;
		};
/* End PBXSourcesBuildPhase section */

/* Begin XCBuildConfiguration section */
		A03922592AE56AF5009B1020 /* Debug */ = {
			isa = XCBuildConfiguration;
			buildSettings = {
				ALWAYS_SEARCH_USER_PATHS = NO;
				ASSETCATALOG_COMPILER_GENERATE_SWIFT_ASSET_SYMBOL_EXTENSIONS = YES;
				CLANG_ANALYZER_NONNULL = YES;
				CLANG_ANALYZER_NUMBER_OBJECT_CONVERSION = YES_AGGRESSIVE;
				CLANG_CXX_LANGUAGE_STANDARD = "gnu++20";
				CLANG_ENABLE_MODULES = YES;
				CLANG_ENABLE_OBJC_ARC = YES;
				CLANG_ENABLE_OBJC_WEAK = YES;
				CLANG_WARN_BLOCK_CAPTURE_AUTORELEASING = YES;
				CLANG_WARN_BOOL_CONVERSION = YES;
				CLANG_WARN_COMMA = YES;
				CLANG_WARN_CONSTANT_CONVERSION = YES;
				CLANG_WARN_DEPRECATED_OBJC_IMPLEMENTATIONS = YES;
				CLANG_WARN_DIRECT_OBJC_ISA_USAGE = YES_ERROR;
				CLANG_WARN_DOCUMENTATION_COMMENTS = YES;
				CLANG_WARN_EMPTY_BODY = YES;
				CLANG_WARN_ENUM_CONVERSION = YES;
				CLANG_WARN_INFINITE_RECURSION = YES;
				CLANG_WARN_INT_CONVERSION = YES;
				CLANG_WARN_NON_LITERAL_NULL_CONVERSION = YES;
				CLANG_WARN_OBJC_IMPLICIT_RETAIN_SELF = YES;
				CLANG_WARN_OBJC_LITERAL_CONVERSION = YES;
				CLANG_WARN_OBJC_ROOT_CLASS = YES_ERROR;
				CLANG_WARN_QUOTED_INCLUDE_IN_FRAMEWORK_HEADER = YES;
				CLANG_WARN_RANGE_LOOP_ANALYSIS = YES;
				CLANG_WARN_STRICT_PROTOTYPES = YES;
				CLANG_WARN_SUSPICIOUS_MOVE = YES;
				CLANG_WARN_UNGUARDED_AVAILABILITY = YES_AGGRESSIVE;
				CLANG_WARN_UNREACHABLE_CODE = YES;
				CLANG_WARN__DUPLICATE_METHOD_MATCH = YES;
				COPY_PHASE_STRIP = NO;
				DEBUG_INFORMATION_FORMAT = dwarf;
				ENABLE_STRICT_OBJC_MSGSEND = YES;
				ENABLE_TESTABILITY = YES;
				ENABLE_USER_SCRIPT_SANDBOXING = YES;
				GCC_C_LANGUAGE_STANDARD = gnu17;
				GCC_DYNAMIC_NO_PIC = NO;
				GCC_NO_COMMON_BLOCKS = YES;
				GCC_OPTIMIZATION_LEVEL = 0;
				GCC_PREPROCESSOR_DEFINITIONS = (
					"DEBUG=1",
					"$(inherited)",
				);
				GCC_WARN_64_TO_32_BIT_CONVERSION = YES;
				GCC_WARN_ABOUT_RETURN_TYPE = YES_ERROR;
				GCC_WARN_UNDECLARED_SELECTOR = YES;
				GCC_WARN_UNINITIALIZED_AUTOS = YES_AGGRESSIVE;
				GCC_WARN_UNUSED_FUNCTION = YES;
				GCC_WARN_UNUSED_VARIABLE = YES;
				IPHONEOS_DEPLOYMENT_TARGET = 17.0;
				LOCALIZATION_PREFERS_STRING_CATALOGS = YES;
				MTL_ENABLE_DEBUG_INFO = INCLUDE_SOURCE;
				MTL_FAST_MATH = YES;
				ONLY_ACTIVE_ARCH = YES;
				SDKROOT = iphoneos;
				SWIFT_ACTIVE_COMPILATION_CONDITIONS = "DEBUG $(inherited)";
				SWIFT_OPTIMIZATION_LEVEL = "-Onone";
			};
			name = Debug;
		};
		A039225A2AE56AF5009B1020 /* Release */ = {
			isa = XCBuildConfiguration;
			buildSettings = {
				ALWAYS_SEARCH_USER_PATHS = NO;
				ASSETCATALOG_COMPILER_GENERATE_SWIFT_ASSET_SYMBOL_EXTENSIONS = YES;
				CLANG_ANALYZER_NONNULL = YES;
				CLANG_ANALYZER_NUMBER_OBJECT_CONVERSION = YES_AGGRESSIVE;
				CLANG_CXX_LANGUAGE_STANDARD = "gnu++20";
				CLANG_ENABLE_MODULES = YES;
				CLANG_ENABLE_OBJC_ARC = YES;
				CLANG_ENABLE_OBJC_WEAK = YES;
				CLANG_WARN_BLOCK_CAPTURE_AUTORELEASING = YES;
				CLANG_WARN_BOOL_CONVERSION = YES;
				CLANG_WARN_COMMA = YES;
				CLANG_WARN_CONSTANT_CONVERSION = YES;
				CLANG_WARN_DEPRECATED_OBJC_IMPLEMENTATIONS = YES;
				CLANG_WARN_DIRECT_OBJC_ISA_USAGE = YES_ERROR;
				CLANG_WARN_DOCUMENTATION_COMMENTS = YES;
				CLANG_WARN_EMPTY_BODY = YES;
				CLANG_WARN_ENUM_CONVERSION = YES;
				CLANG_WARN_INFINITE_RECURSION = YES;
				CLANG_WARN_INT_CONVERSION = YES;
				CLANG_WARN_NON_LITERAL_NULL_CONVERSION = YES;
				CLANG_WARN_OBJC_IMPLICIT_RETAIN_SELF = YES;
				CLANG_WARN_OBJC_LITERAL_CONVERSION = YES;
				CLANG_WARN_OBJC_ROOT_CLASS = YES_ERROR;
				CLANG_WARN_QUOTED_INCLUDE_IN_FRAMEWORK_HEADER = YES;
				CLANG_WARN_RANGE_LOOP_ANALYSIS = YES;
				CLANG_WARN_STRICT_PROTOTYPES = YES;
				CLANG_WARN_SUSPICIOUS_MOVE = YES;
				CLANG_WARN_UNGUARDED_AVAILABILITY = YES_AGGRESSIVE;
				CLANG_WARN_UNREACHABLE_CODE = YES;
				CLANG_WARN__DUPLICATE_METHOD_MATCH = YES;
				COPY_PHASE_STRIP = NO;
				DEBUG_INFORMATION_FORMAT = "dwarf-with-dsym";
				ENABLE_NS_ASSERTIONS = NO;
				ENABLE_STRICT_OBJC_MSGSEND = YES;
				ENABLE_USER_SCRIPT_SANDBOXING = YES;
				GCC_C_LANGUAGE_STANDARD = gnu17;
				GCC_NO_COMMON_BLOCKS = YES;
				GCC_WARN_64_TO_32_BIT_CONVERSION = YES;
				GCC_WARN_ABOUT_RETURN_TYPE = YES_ERROR;
				GCC_WARN_UNDECLARED_SELECTOR = YES;
				GCC_WARN_UNINITIALIZED_AUTOS = YES_AGGRESSIVE;
				GCC_WARN_UNUSED_FUNCTION = YES;
				GCC_WARN_UNUSED_VARIABLE = YES;
				IPHONEOS_DEPLOYMENT_TARGET = 17.0;
				LOCALIZATION_PREFERS_STRING_CATALOGS = YES;
				MTL_ENABLE_DEBUG_INFO = NO;
				MTL_FAST_MATH = YES;
				SDKROOT = iphoneos;
				SWIFT_COMPILATION_MODE = wholemodule;
				VALIDATE_PRODUCT = YES;
			};
			name = Release;
		};
		A039225C2AE56AF5009B1020 /* Debug */ = {
			isa = XCBuildConfiguration;
			buildSettings = {
				ASSETCATALOG_COMPILER_APPICON_NAME = AppIcon;
				ASSETCATALOG_COMPILER_GLOBAL_ACCENT_COLOR_NAME = AccentColor;
				CODE_SIGN_STYLE = Automatic;
				CURRENT_PROJECT_VERSION = 1;
				DEVELOPMENT_ASSET_PATHS = "\"Travel Radar/Preview Content\"";
				ENABLE_PREVIEWS = YES;
				GENERATE_INFOPLIST_FILE = YES;
				INFOPLIST_FILE = "Travel-Radar-Info.plist";
				INFOPLIST_KEY_CFBundleDisplayName = "Travel Radar";
				INFOPLIST_KEY_LSApplicationCategoryType = "public.app-category.travel";
				INFOPLIST_KEY_UIApplicationSceneManifest_Generation = YES;
				INFOPLIST_KEY_UIApplicationSupportsIndirectInputEvents = YES;
				INFOPLIST_KEY_UILaunchScreen_Generation = YES;
				INFOPLIST_KEY_UISupportedInterfaceOrientations_iPad = "UIInterfaceOrientationPortrait UIInterfaceOrientationPortraitUpsideDown UIInterfaceOrientationLandscapeLeft UIInterfaceOrientationLandscapeRight";
				INFOPLIST_KEY_UISupportedInterfaceOrientations_iPhone = "UIInterfaceOrientationPortrait UIInterfaceOrientationLandscapeLeft UIInterfaceOrientationLandscapeRight";
				LD_RUNPATH_SEARCH_PATHS = (
					"$(inherited)",
					"@executable_path/Frameworks",
				);
				MARKETING_VERSION = 1.0;
				PRODUCT_BUNDLE_IDENTIFIER = "test.Travel-Radar";
				PRODUCT_NAME = "$(TARGET_NAME)";
				SWIFT_EMIT_LOC_STRINGS = YES;
				SWIFT_VERSION = 5.0;
				TARGETED_DEVICE_FAMILY = "1,2";
			};
			name = Debug;
		};
		A039225D2AE56AF5009B1020 /* Release */ = {
			isa = XCBuildConfiguration;
			buildSettings = {
				ASSETCATALOG_COMPILER_APPICON_NAME = AppIcon;
				ASSETCATALOG_COMPILER_GLOBAL_ACCENT_COLOR_NAME = AccentColor;
				CODE_SIGN_STYLE = Automatic;
				CURRENT_PROJECT_VERSION = 1;
				DEVELOPMENT_ASSET_PATHS = "\"Travel Radar/Preview Content\"";
				DEVELOPMENT_TEAM = M92RYCWGSY;
				ENABLE_PREVIEWS = YES;
				GENERATE_INFOPLIST_FILE = YES;
				INFOPLIST_FILE = "Travel-Radar-Info.plist";
				INFOPLIST_KEY_CFBundleDisplayName = "Travel Radar";
				INFOPLIST_KEY_LSApplicationCategoryType = "public.app-category.travel";
				INFOPLIST_KEY_UIApplicationSceneManifest_Generation = YES;
				INFOPLIST_KEY_UIApplicationSupportsIndirectInputEvents = YES;
				INFOPLIST_KEY_UILaunchScreen_Generation = YES;
				INFOPLIST_KEY_UISupportedInterfaceOrientations_iPad = "UIInterfaceOrientationPortrait UIInterfaceOrientationPortraitUpsideDown UIInterfaceOrientationLandscapeLeft UIInterfaceOrientationLandscapeRight";
				INFOPLIST_KEY_UISupportedInterfaceOrientations_iPhone = "UIInterfaceOrientationPortrait UIInterfaceOrientationLandscapeLeft UIInterfaceOrientationLandscapeRight";
				LD_RUNPATH_SEARCH_PATHS = (
					"$(inherited)",
					"@executable_path/Frameworks",
				);
				MARKETING_VERSION = 1.0;
				PRODUCT_BUNDLE_IDENTIFIER = "test.Travel-Radar";
				PRODUCT_NAME = "$(TARGET_NAME)";
				SWIFT_EMIT_LOC_STRINGS = YES;
				SWIFT_VERSION = 5.0;
				TARGETED_DEVICE_FAMILY = "1,2";
			};
			name = Release;
		};
/* End XCBuildConfiguration section */

/* Begin XCConfigurationList section */
		A03922482AE56AF4009B1020 /* Build configuration list for PBXProject "Travel Radar" */ = {
			isa = XCConfigurationList;
			buildConfigurations = (
				A03922592AE56AF5009B1020 /* Debug */,
				A039225A2AE56AF5009B1020 /* Release */,
			);
			defaultConfigurationIsVisible = 0;
			defaultConfigurationName = Release;
		};
		A039225B2AE56AF5009B1020 /* Build configuration list for PBXNativeTarget "Travel Radar" */ = {
			isa = XCConfigurationList;
			buildConfigurations = (
				A039225C2AE56AF5009B1020 /* Debug */,
				A039225D2AE56AF5009B1020 /* Release */,
			);
			defaultConfigurationIsVisible = 0;
			defaultConfigurationName = Release;
		};
/* End XCConfigurationList section */

/* Begin XCRemoteSwiftPackageReference section */
		A051D4812AF65A3D00C46391 /* XCRemoteSwiftPackageReference "GoogleSignIn-iOS" */ = {
			isa = XCRemoteSwiftPackageReference;
			repositoryURL = "https://github.com/google/GoogleSignIn-iOS.git";
			requirement = {
				kind = upToNextMajorVersion;
				minimumVersion = 7.0.0;
			};
		};
		A08644C52AEE7F680059A578 /* XCRemoteSwiftPackageReference "firebase-ios-sdk" */ = {
			isa = XCRemoteSwiftPackageReference;
			repositoryURL = "https://github.com/firebase/firebase-ios-sdk";
			requirement = {
				kind = upToNextMajorVersion;
				minimumVersion = 10.16.0;
			};
		};
/* End XCRemoteSwiftPackageReference section */

/* Begin XCSwiftPackageProductDependency section */
		A051D4822AF65A3D00C46391 /* GoogleSignIn */ = {
			isa = XCSwiftPackageProductDependency;
			package = A051D4812AF65A3D00C46391 /* XCRemoteSwiftPackageReference "GoogleSignIn-iOS" */;
			productName = GoogleSignIn;
		};
		A051D4842AF65A3D00C46391 /* GoogleSignInSwift */ = {
			isa = XCSwiftPackageProductDependency;
			package = A051D4812AF65A3D00C46391 /* XCRemoteSwiftPackageReference "GoogleSignIn-iOS" */;
			productName = GoogleSignInSwift;
		};
		A08644C62AEE7F680059A578 /* FirebaseAnalytics */ = {
			isa = XCSwiftPackageProductDependency;
			package = A08644C52AEE7F680059A578 /* XCRemoteSwiftPackageReference "firebase-ios-sdk" */;
			productName = FirebaseAnalytics;
		};
		A08644C82AEE7F680059A578 /* FirebaseAnalyticsOnDeviceConversion */ = {
			isa = XCSwiftPackageProductDependency;
			package = A08644C52AEE7F680059A578 /* XCRemoteSwiftPackageReference "firebase-ios-sdk" */;
			productName = FirebaseAnalyticsOnDeviceConversion;
		};
		A08644CA2AEE7F680059A578 /* FirebaseAnalyticsSwift */ = {
			isa = XCSwiftPackageProductDependency;
			package = A08644C52AEE7F680059A578 /* XCRemoteSwiftPackageReference "firebase-ios-sdk" */;
			productName = FirebaseAnalyticsSwift;
		};
		A08644CC2AEE7F680059A578 /* FirebaseAnalyticsWithoutAdIdSupport */ = {
			isa = XCSwiftPackageProductDependency;
			package = A08644C52AEE7F680059A578 /* XCRemoteSwiftPackageReference "firebase-ios-sdk" */;
			productName = FirebaseAnalyticsWithoutAdIdSupport;
		};
		A08644CE2AEE7F680059A578 /* FirebaseAppCheck */ = {
			isa = XCSwiftPackageProductDependency;
			package = A08644C52AEE7F680059A578 /* XCRemoteSwiftPackageReference "firebase-ios-sdk" */;
			productName = FirebaseAppCheck;
		};
		A08644D02AEE7F680059A578 /* FirebaseAppDistribution-Beta */ = {
			isa = XCSwiftPackageProductDependency;
			package = A08644C52AEE7F680059A578 /* XCRemoteSwiftPackageReference "firebase-ios-sdk" */;
			productName = "FirebaseAppDistribution-Beta";
		};
		A08644D22AEE7F680059A578 /* FirebaseAuth */ = {
			isa = XCSwiftPackageProductDependency;
			package = A08644C52AEE7F680059A578 /* XCRemoteSwiftPackageReference "firebase-ios-sdk" */;
			productName = FirebaseAuth;
		};
		A08644D42AEE7F680059A578 /* FirebaseAuthCombine-Community */ = {
			isa = XCSwiftPackageProductDependency;
			package = A08644C52AEE7F680059A578 /* XCRemoteSwiftPackageReference "firebase-ios-sdk" */;
			productName = "FirebaseAuthCombine-Community";
		};
		A08644D62AEE7F680059A578 /* FirebaseCrashlytics */ = {
			isa = XCSwiftPackageProductDependency;
			package = A08644C52AEE7F680059A578 /* XCRemoteSwiftPackageReference "firebase-ios-sdk" */;
			productName = FirebaseCrashlytics;
		};
		A08644D82AEE7F680059A578 /* FirebaseDatabase */ = {
			isa = XCSwiftPackageProductDependency;
			package = A08644C52AEE7F680059A578 /* XCRemoteSwiftPackageReference "firebase-ios-sdk" */;
			productName = FirebaseDatabase;
		};
		A08644DA2AEE7F680059A578 /* FirebaseDatabaseSwift */ = {
			isa = XCSwiftPackageProductDependency;
			package = A08644C52AEE7F680059A578 /* XCRemoteSwiftPackageReference "firebase-ios-sdk" */;
			productName = FirebaseDatabaseSwift;
		};
		A08644DC2AEE7F680059A578 /* FirebaseDynamicLinks */ = {
			isa = XCSwiftPackageProductDependency;
			package = A08644C52AEE7F680059A578 /* XCRemoteSwiftPackageReference "firebase-ios-sdk" */;
			productName = FirebaseDynamicLinks;
		};
		A08644DE2AEE7F680059A578 /* FirebaseFirestore */ = {
			isa = XCSwiftPackageProductDependency;
			package = A08644C52AEE7F680059A578 /* XCRemoteSwiftPackageReference "firebase-ios-sdk" */;
			productName = FirebaseFirestore;
		};
		A08644E02AEE7F680059A578 /* FirebaseFirestoreCombine-Community */ = {
			isa = XCSwiftPackageProductDependency;
			package = A08644C52AEE7F680059A578 /* XCRemoteSwiftPackageReference "firebase-ios-sdk" */;
			productName = "FirebaseFirestoreCombine-Community";
		};
		A08644E22AEE7F680059A578 /* FirebaseFirestoreSwift */ = {
			isa = XCSwiftPackageProductDependency;
			package = A08644C52AEE7F680059A578 /* XCRemoteSwiftPackageReference "firebase-ios-sdk" */;
			productName = FirebaseFirestoreSwift;
		};
		A08644E42AEE7F680059A578 /* FirebaseFunctions */ = {
			isa = XCSwiftPackageProductDependency;
			package = A08644C52AEE7F680059A578 /* XCRemoteSwiftPackageReference "firebase-ios-sdk" */;
			productName = FirebaseFunctions;
		};
		A08644E62AEE7F680059A578 /* FirebaseFunctionsCombine-Community */ = {
			isa = XCSwiftPackageProductDependency;
			package = A08644C52AEE7F680059A578 /* XCRemoteSwiftPackageReference "firebase-ios-sdk" */;
			productName = "FirebaseFunctionsCombine-Community";
		};
		A08644E82AEE7F680059A578 /* FirebaseInAppMessaging-Beta */ = {
			isa = XCSwiftPackageProductDependency;
			package = A08644C52AEE7F680059A578 /* XCRemoteSwiftPackageReference "firebase-ios-sdk" */;
			productName = "FirebaseInAppMessaging-Beta";
		};
		A08644EA2AEE7F680059A578 /* FirebaseInAppMessagingSwift-Beta */ = {
			isa = XCSwiftPackageProductDependency;
			package = A08644C52AEE7F680059A578 /* XCRemoteSwiftPackageReference "firebase-ios-sdk" */;
			productName = "FirebaseInAppMessagingSwift-Beta";
		};
		A08644EC2AEE7F680059A578 /* FirebaseInstallations */ = {
			isa = XCSwiftPackageProductDependency;
			package = A08644C52AEE7F680059A578 /* XCRemoteSwiftPackageReference "firebase-ios-sdk" */;
			productName = FirebaseInstallations;
		};
		A08644EE2AEE7F680059A578 /* FirebaseMLModelDownloader */ = {
			isa = XCSwiftPackageProductDependency;
			package = A08644C52AEE7F680059A578 /* XCRemoteSwiftPackageReference "firebase-ios-sdk" */;
			productName = FirebaseMLModelDownloader;
		};
		A08644F02AEE7F680059A578 /* FirebaseMessaging */ = {
			isa = XCSwiftPackageProductDependency;
			package = A08644C52AEE7F680059A578 /* XCRemoteSwiftPackageReference "firebase-ios-sdk" */;
			productName = FirebaseMessaging;
		};
		A08644F22AEE7F680059A578 /* FirebasePerformance */ = {
			isa = XCSwiftPackageProductDependency;
			package = A08644C52AEE7F680059A578 /* XCRemoteSwiftPackageReference "firebase-ios-sdk" */;
			productName = FirebasePerformance;
		};
		A08644F42AEE7F680059A578 /* FirebaseRemoteConfig */ = {
			isa = XCSwiftPackageProductDependency;
			package = A08644C52AEE7F680059A578 /* XCRemoteSwiftPackageReference "firebase-ios-sdk" */;
			productName = FirebaseRemoteConfig;
		};
		A08644F62AEE7F680059A578 /* FirebaseRemoteConfigSwift */ = {
			isa = XCSwiftPackageProductDependency;
			package = A08644C52AEE7F680059A578 /* XCRemoteSwiftPackageReference "firebase-ios-sdk" */;
			productName = FirebaseRemoteConfigSwift;
		};
		A08644F82AEE7F680059A578 /* FirebaseStorage */ = {
			isa = XCSwiftPackageProductDependency;
			package = A08644C52AEE7F680059A578 /* XCRemoteSwiftPackageReference "firebase-ios-sdk" */;
			productName = FirebaseStorage;
		};
		A08644FA2AEE7F680059A578 /* FirebaseStorageCombine-Community */ = {
			isa = XCSwiftPackageProductDependency;
			package = A08644C52AEE7F680059A578 /* XCRemoteSwiftPackageReference "firebase-ios-sdk" */;
			productName = "FirebaseStorageCombine-Community";
		};
/* End XCSwiftPackageProductDependency section */
	};
	rootObject = A03922452AE56AF4009B1020 /* Project object */;
}
